
Microsoft Visual Studio Solution File, Format Version 12.00
# Visual Studio Version 16
VisualStudioVersion = 16.0.31410.357
MinimumVisualStudioVersion = 10.0.40219.1
Project("{FAE04EC0-301F-11D3-BF4B-00C04F79EFBC}") = "GitHub Pull Checker", "GitHub Pull Checker\GitHub Pull Checker.csproj", "{8F710BB5-EE85-41EF-925D-251554B8A5EA}"
EndProject
Global
	GlobalSection(SolutionConfigurationPlatforms) = preSolution
		Debug|Any CPU = Debug|Any CPU
		Release|Any CPU = Release|Any CPU
	EndGlobalSection
	GlobalSection(ProjectConfigurationPlatforms) = postSolution
		{8F710BB5-EE85-41EF-925D-251554B8A5EA}.Debug|Any CPU.ActiveCfg = Debug|Any CPU
		{8F710BB5-EE85-41EF-925D-251554B8A5EA}.Debug|Any CPU.Build.0 = Debug|Any CPU
		{8F710BB5-EE85-41EF-925D-251554B8A5EA}.Release|Any CPU.ActiveCfg = Release|Any CPU
		{8F710BB5-EE85-41EF-925D-251554B8A5EA}.Release|Any CPU.Build.0 = Release|Any CPU
	EndGlobalSection
	GlobalSection(SolutionProperties) = preSolution
		HideSolutionNode = FALSE
	EndGlobalSection
	GlobalSection(ExtensibilityGlobals) = postSolution
		SolutionGuid = {5936471D-EAF6-431E-9AFD-762402675C66}
	EndGlobalSection
EndGlobal
